
Microsoft Visual Studio Solution File, Format Version 12.00
# Visual Studio Version 16
VisualStudioVersion = 16.0.29215.179
MinimumVisualStudioVersion = 10.0.40219.1
Project("{FAE04EC0-301F-11D3-BF4B-00C04F79EFBC}") = "Construtor and Destructor", "Construtor and Destructor\Construtor and Destructor.csproj", "{D12625B2-7477-4BBA-AE30-6F1D22611A91}"
EndProject
Global
	GlobalSection(SolutionConfigurationPlatforms) = preSolution
		Debug|Any CPU = Debug|Any CPU
		Release|Any CPU = Release|Any CPU
	EndGlobalSection
	GlobalSection(ProjectConfigurationPlatforms) = postSolution
		{D12625B2-7477-4BBA-AE30-6F1D22611A91}.Debug|Any CPU.ActiveCfg = Debug|Any CPU
		{D12625B2-7477-4BBA-AE30-6F1D22611A91}.Debug|Any CPU.Build.0 = Debug|Any CPU
		{D12625B2-7477-4BBA-AE30-6F1D22611A91}.Release|Any CPU.ActiveCfg = Release|Any CPU
		{D12625B2-7477-4BBA-AE30-6F1D22611A91}.Release|Any CPU.Build.0 = Release|Any CPU
	EndGlobalSection
	GlobalSection(SolutionProperties) = preSolution
		HideSolutionNode = FALSE
	EndGlobalSection
	GlobalSection(ExtensibilityGlobals) = postSolution
		SolutionGuid = {E56FFBFA-C6EB-41EB-8166-C050EEF44D01}
	EndGlobalSection
EndGlobal
